
Microsoft Visual Studio Solution File, Format Version 12.00
# Visual Studio Version 17
VisualStudioVersion = 17.4.33205.214
MinimumVisualStudioVersion = 10.0.40219.1
Project("{9A19103F-16F7-4668-BE54-9A1E7A4F7556}") = "ALTEA-Inventory-Server", "ALTEA-Inventory-Server\ALTEA-Inventory-Server.csproj", "{78E64FFB-6C9E-4676-AF8B-842FC0AC93A0}"
EndProject
Global
	GlobalSection(SolutionConfigurationPlatforms) = preSolution
		Debug|Any CPU = Debug|Any CPU
		Release|Any CPU = Release|Any CPU
	EndGlobalSection
	GlobalSection(ProjectConfigurationPlatforms) = postSolution
		{78E64FFB-6C9E-4676-AF8B-842FC0AC93A0}.Debug|Any CPU.ActiveCfg = Debug|Any CPU
		{78E64FFB-6C9E-4676-AF8B-842FC0AC93A0}.Debug|Any CPU.Build.0 = Debug|Any CPU
		{78E64FFB-6C9E-4676-AF8B-842FC0AC93A0}.Release|Any CPU.ActiveCfg = Release|Any CPU
		{78E64FFB-6C9E-4676-AF8B-842FC0AC93A0}.Release|Any CPU.Build.0 = Release|Any CPU
	EndGlobalSection
	GlobalSection(SolutionProperties) = preSolution
		HideSolutionNode = FALSE
	EndGlobalSection
	GlobalSection(ExtensibilityGlobals) = postSolution
		SolutionGuid = {9D91ED37-D70A-40EE-B100-CE401B4FD080}
	EndGlobalSection
EndGlobal
