
Microsoft Visual Studio Solution File, Format Version 12.00
# Visual Studio Version 17
VisualStudioVersion = 17.4.33205.214
MinimumVisualStudioVersion = 10.0.40219.1
<<<<<<< HEAD
Project("{FAE04EC0-301F-11D3-BF4B-00C04F79EFBC}") = "ALTEA-Server", "ALTEA-Server\ALTEA-Server.csproj", "{3210CA9F-9BAC-4666-B824-A594B46976E6}"
=======
Project("{9A19103F-16F7-4668-BE54-9A1E7A4F7556}") = "ALTEA-Inventory-Server", "ALTEA-Inventory-Server\ALTEA-Inventory-Server.csproj", "{78E64FFB-6C9E-4676-AF8B-842FC0AC93A0}"
>>>>>>> f6f0a02fa23a02551699da65a06a91e9d0ccbef3
EndProject
Global
	GlobalSection(SolutionConfigurationPlatforms) = preSolution
		Debug|Any CPU = Debug|Any CPU
		Release|Any CPU = Release|Any CPU
	EndGlobalSection
	GlobalSection(ProjectConfigurationPlatforms) = postSolution
<<<<<<< HEAD
		{3210CA9F-9BAC-4666-B824-A594B46976E6}.Debug|Any CPU.ActiveCfg = Debug|Any CPU
		{3210CA9F-9BAC-4666-B824-A594B46976E6}.Debug|Any CPU.Build.0 = Debug|Any CPU
		{3210CA9F-9BAC-4666-B824-A594B46976E6}.Release|Any CPU.ActiveCfg = Release|Any CPU
		{3210CA9F-9BAC-4666-B824-A594B46976E6}.Release|Any CPU.Build.0 = Release|Any CPU
=======
		{78E64FFB-6C9E-4676-AF8B-842FC0AC93A0}.Debug|Any CPU.ActiveCfg = Debug|Any CPU
		{78E64FFB-6C9E-4676-AF8B-842FC0AC93A0}.Debug|Any CPU.Build.0 = Debug|Any CPU
		{78E64FFB-6C9E-4676-AF8B-842FC0AC93A0}.Release|Any CPU.ActiveCfg = Release|Any CPU
		{78E64FFB-6C9E-4676-AF8B-842FC0AC93A0}.Release|Any CPU.Build.0 = Release|Any CPU
>>>>>>> f6f0a02fa23a02551699da65a06a91e9d0ccbef3
	EndGlobalSection
	GlobalSection(SolutionProperties) = preSolution
		HideSolutionNode = FALSE
	EndGlobalSection
	GlobalSection(ExtensibilityGlobals) = postSolution
<<<<<<< HEAD
		SolutionGuid = {83F3A3A6-2124-4A4E-9C58-B02A7B00AAE6}
=======
		SolutionGuid = {9D91ED37-D70A-40EE-B100-CE401B4FD080}
>>>>>>> f6f0a02fa23a02551699da65a06a91e9d0ccbef3
	EndGlobalSection
EndGlobal
